
Microsoft Visual Studio Solution File, Format Version 12.00
# Visual Studio 15
VisualStudioVersion = 15.0.28307.572
MinimumVisualStudioVersion = 10.0.40219.1
Project("{9092AA53-FB77-4645-B42D-1CCCA6BD08BD}") = "VuejsApp", "VuejsApp\VuejsApp.njsproj", "{005EBA21-42A3-4EFE-AAB8-16F7A93D85C2}"
EndProject
Global
	GlobalSection(SolutionConfigurationPlatforms) = preSolution
		Debug|Any CPU = Debug|Any CPU
		Release|Any CPU = Release|Any CPU
	EndGlobalSection
	GlobalSection(ProjectConfigurationPlatforms) = postSolution
		{005EBA21-42A3-4EFE-AAB8-16F7A93D85C2}.Debug|Any CPU.ActiveCfg = Debug|Any CPU
		{005EBA21-42A3-4EFE-AAB8-16F7A93D85C2}.Debug|Any CPU.Build.0 = Debug|Any CPU
		{005EBA21-42A3-4EFE-AAB8-16F7A93D85C2}.Release|Any CPU.ActiveCfg = Release|Any CPU
		{005EBA21-42A3-4EFE-AAB8-16F7A93D85C2}.Release|Any CPU.Build.0 = Release|Any CPU
	EndGlobalSection
	GlobalSection(SolutionProperties) = preSolution
		HideSolutionNode = FALSE
	EndGlobalSection
	GlobalSection(ExtensibilityGlobals) = postSolution
		SolutionGuid = {917E76D2-F692-4CA5-BA65-792AFB1C3AB7}
	EndGlobalSection
EndGlobal
